# THIS IS AN AUTOGENERATED FILE. DO NOT EDIT THIS FILE DIRECTLY.
# yarn lockfile v1


"@bufbuild/buf-darwin-arm64@1.52.1":
  version "1.52.1"
  resolved "https://registry.yarnpkg.com/@bufbuild/buf-darwin-arm64/-/buf-darwin-arm64-1.52.1.tgz#2cd1a46f04c2d25108835f7f3cc8632078125e3e"
  integrity sha512-c2iCRSvhrQVCe91xQNKhwy4ES3AN0kWP1oXnCe+bzReOrBsLef9gVoxKbDv5Ywkv+epfqhuAVbltpN37P4s9mQ==

"@bufbuild/buf-darwin-x64@1.52.1":
  version "1.52.1"
  resolved "https://registry.yarnpkg.com/@bufbuild/buf-darwin-x64/-/buf-darwin-x64-1.52.1.tgz#f3f39732c176692c1f951f2b68b83dfde76c84dc"
  integrity sha512-2v742rgJBCe8E1H/u8ObUH4oeev5jCMP9TKPRy3iQZBFB2lXXgvKQCmSP2Du6Sc7bC3L4QxSbLfhJRobdjUR3Q==

"@bufbuild/buf-linux-aarch64@1.52.1":
  version "1.52.1"
  resolved "https://registry.yarnpkg.com/@bufbuild/buf-linux-aarch64/-/buf-linux-aarch64-1.52.1.tgz#102a98b576ab02a9704e7c3f41ca8e9f57dec14b"
  integrity sha512-bnfDsmsnPlgNBueTzIemBuL4WxcASR7T+RIeTjur+VILN7kN6Pd8gUiNIQbZSvKwRdKGDRJXCfn404w+5Djo5A==

"@bufbuild/buf-linux-armv7@1.52.1":
  version "1.52.1"
  resolved "https://registry.yarnpkg.com/@bufbuild/buf-linux-armv7/-/buf-linux-armv7-1.52.1.tgz#b8e93e73666834fd4a645b22dff4158156a41f93"
  integrity sha512-+BvlP9FZu83dOoy2+fIw9/CuTq3TwDUXqfMU14b0CRDlx6eJsTbFMsYyNCQYdp9yJsLy3keEHKlBQkYdfd1wpQ==

"@bufbuild/buf-linux-x64@1.52.1":
  version "1.52.1"
  resolved "https://registry.yarnpkg.com/@bufbuild/buf-linux-x64/-/buf-linux-x64-1.52.1.tgz#a8ff3a24afef5803800b64c2a90128d4445fdfe4"
  integrity sha512-MIf62fmcV1FbBzojPfQAuE1BRspkgc6w5SDYdgimd85a9FYOrpUTkt31ZPjEz/swOuneGcDecayYtt6jWEcMGA==

"@bufbuild/buf-win32-arm64@1.52.1":
  version "1.52.1"
  resolved "https://registry.yarnpkg.com/@bufbuild/buf-win32-arm64/-/buf-win32-arm64-1.52.1.tgz#ddb723f76632a588ccd379c41101a473d1eb2be2"
  integrity sha512-QCKsJlgiEeY8bUipVO2WDQHHrSkmWUU7DAqZrw/ndHNCwg+//jhuwLYEbpbRiA1qG4Va6WzosR5/3VgOetyLuw==

"@bufbuild/buf-win32-x64@1.52.1":
  version "1.52.1"
  resolved "https://registry.yarnpkg.com/@bufbuild/buf-win32-x64/-/buf-win32-x64-1.52.1.tgz#a7447c14fa778978dd25d05bb140a9a44327ff86"
  integrity sha512-VzoN16/MbZ/ozLjFp5JKhSAhs9iOEPrp0hbCpO56o/0HXFQ96KNgNEP9vYD/E90DNHWW5sgoFk74zdJLXG8wXw==

"@bufbuild/buf@^1.52.1":
  version "1.52.1"
  resolved "https://registry.yarnpkg.com/@bufbuild/buf/-/buf-1.52.1.tgz#5268b9658c3ae0d5367a29c0cd4f57a775aef605"
  integrity sha512-Sflcgagb/9gu3ShUF7jjJmYgMxut+YRNajPtTk20cUq5MIG8cCZeVfA6s6kDj2TG5QuAf49u5akTHPa5ZENr0A==
  optionalDependencies:
    "@bufbuild/buf-darwin-arm64" "1.52.1"
    "@bufbuild/buf-darwin-x64" "1.52.1"
    "@bufbuild/buf-linux-aarch64" "1.52.1"
    "@bufbuild/buf-linux-armv7" "1.52.1"
    "@bufbuild/buf-linux-x64" "1.52.1"
    "@bufbuild/buf-win32-arm64" "1.52.1"
    "@bufbuild/buf-win32-x64" "1.52.1"

"@bufbuild/protobuf@^2.0.0":
  version "2.2.5"
  resolved "https://registry.yarnpkg.com/@bufbuild/protobuf/-/protobuf-2.2.5.tgz#8e82c0af292113b4a89f8b658c71c4636c8d2e36"
  integrity sha512-/g5EzJifw5GF8aren8wZ/G5oMuPoGeS6MQD3ca8ddcvdXR5UELUfdTZITCGNhNXynY/AYl3Z4plmxdj/tRl/hQ==

"@types/node@^22.14.1":
  version "22.14.1"
  resolved "https://registry.yarnpkg.com/@types/node/-/node-22.14.1.tgz#53b54585cec81c21eee3697521e31312d6ca1e6f"
  integrity sha512-u0HuPQwe/dHrItgHHpmw3N2fYCR6x4ivMNbPHRkBVP4CvN+kiRrKHWk3i8tXiO/joPwXLMYvF9TTF0eqgHIuOw==
  dependencies:
    undici-types "~6.21.0"

case-anything@^2.1.13:
  version "2.1.13"
  resolved "https://registry.yarnpkg.com/case-anything/-/case-anything-2.1.13.tgz#0cdc16278cb29a7fcdeb072400da3f342ba329e9"
  integrity sha512-zlOQ80VrQ2Ue+ymH5OuM/DlDq64mEm+B9UTdHULv5osUMD6HalNTblf2b1u/m6QecjsnOkBpqVZ+XPwIVsy7Ng==

detect-libc@^1.0.3:
  version "1.0.3"
  resolved "https://registry.yarnpkg.com/detect-libc/-/detect-libc-1.0.3.tgz#fa137c4bd698edf55cd5cd02ac559f91a4c4ba9b"
  integrity sha512-pGjwhsmsp4kL2RTz08wcOlGN83otlqHeD/Z5T8GXZB+/YcpQ/dgo+lbU8ZsGxV0HIvqqxo9l7mqYwyYMD9bKDg==

dprint-node@^1.0.8:
  version "1.0.8"
  resolved "https://registry.yarnpkg.com/dprint-node/-/dprint-node-1.0.8.tgz#a02470722d8208a7d7eb3704328afda1d6758625"
  integrity sha512-iVKnUtYfGrYcW1ZAlfR/F59cUVL8QIhWoBJoSjkkdua/dkWIgjZfiLMeTjiB06X0ZLkQ0M2C1VbUj/CxkIf1zg==
  dependencies:
    detect-libc "^1.0.3"

ts-poet@^6.7.0:
  version "6.11.0"
  resolved "https://registry.yarnpkg.com/ts-poet/-/ts-poet-6.11.0.tgz#b41085c4ebf329bc6293a7d610a105978982b41a"
  integrity sha512-r5AGF8vvb+GjBsnqiTqbLhN1/U2FJt6BI+k0dfCrkKzWvUhNlwMmq9nDHuucHs45LomgHjZPvYj96dD3JawjJA==
  dependencies:
    dprint-node "^1.0.8"

ts-proto-descriptors@2.0.0:
  version "2.0.0"
  resolved "https://registry.yarnpkg.com/ts-proto-descriptors/-/ts-proto-descriptors-2.0.0.tgz#3a0e301a91cc6e932ac8dd13f7e07caa8a032c43"
  integrity sha512-wHcTH3xIv11jxgkX5OyCSFfw27agpInAd6yh89hKG6zqIXnjW9SYqSER2CVQxdPj4czeOhGagNvZBEbJPy7qkw==
  dependencies:
    "@bufbuild/protobuf" "^2.0.0"

ts-proto@^2.7.0:
  version "2.7.0"
  resolved "https://registry.yarnpkg.com/ts-proto/-/ts-proto-2.7.0.tgz#ae2cc2e4cb5a28ba4af869f2ac4b1c3509b33b79"
  integrity sha512-BGHjse2wTOeswOqnnPKinpxmbaRd882so/e1En6ww59YMG7AO9Kg4vPpJcbVfrpBixPRDqHafXD/RDyd2T99GA==
  dependencies:
    "@bufbuild/protobuf" "^2.0.0"
    case-anything "^2.1.13"
    ts-poet "^6.7.0"
    ts-proto-descriptors "2.0.0"

tslib@^2.8.1:
  version "2.8.1"
  resolved "https://registry.yarnpkg.com/tslib/-/tslib-2.8.1.tgz#612efe4ed235d567e8aba5f2a5fab70280ade83f"
  integrity sha512-oJFu94HQb+KVduSUQL7wnpmqnfmLsOA/nAh6b6EH0wCEoK0/mPeXU6c3wKDV83MkOuHPRHtSXKKU99IBazS/2w==

typescript@^5.8.3:
  version "5.8.3"
  resolved "https://registry.yarnpkg.com/typescript/-/typescript-5.8.3.tgz#92f8a3e5e3cf497356f4178c34cd65a7f5e8440e"
  integrity sha512-p1diW6TqL9L07nNxvRMM7hMMw4c5XOo/1ibL4aAIGmSAt9slTE1Xgw5KWuof2uTOvCg9BY7ZRi+GaF+7sfgPeQ==

undici-types@~6.21.0:
  version "6.21.0"
  resolved "https://registry.yarnpkg.com/undici-types/-/undici-types-6.21.0.tgz#691d00af3909be93a7faa13be61b3a5b50ef12cb"
  integrity sha512-iwDZqg0QAGrg9Rav5H4n0M64c3mkR59cJ6wQp+7C4nI0gsmExaedaYLNO44eT4AtBBwjbTiGPMlt2Md0T9H9JQ==
